{
  "version": 4,
  "terraform_version": "1.5.7",
  "serial": 13,
  "lineage": "53af439e-829a-2a90-2527-256e49929810",
  "outputs": {},
  "resources": [
    {
      "mode": "data",
      "type": "yandex_compute_image",
      "name": "coi",
      "provider": "provider[\"registry.terraform.io/yandex-cloud/yandex\"]",
      "instances": [
        {
          "schema_version": 0,
          "attributes": {
            "created_at": "2022-02-04T12:30:26Z",
            "description": "Container Optimized Image 2.3.10",
            "family": "container-optimized-image",
            "folder_id": "standard-images",
            "id": "fd80o2eikcn22b229tsa",
            "image_id": "fd80o2eikcn22b229tsa",
            "labels": {},
            "min_disk_size": 30,
            "name": "container-optimized-image-v20220204a",
            "os_type": "linux",
            "pooled": true,
            "product_ids": [
              "f2elf7186figj4p34at5"
            ],
            "size": 6,
            "status": "ready"
          },
          "sensitive_attributes": []
        }
      ]
    },
    {
      "mode": "managed",
      "type": "yandex_compute_instance",
      "name": "catgpt-1",
      "provider": "provider[\"registry.terraform.io/yandex-cloud/yandex\"]",
      "instances": [
        {
          "schema_version": 1,
          "attributes": {
            "allow_recreate": null,
            "allow_stopping_for_update": null,
            "boot_disk": [
              {
                "auto_delete": true,
                "device_name": "fhmtc133pq933rjbmfr6",
                "disk_id": "fhmtc133pq933rjbmfr6",
                "initialize_params": [
                  {
                    "block_size": 4096,
                    "description": "",
                    "image_id": "fd80o2eikcn22b229tsa",
                    "name": "",
                    "size": 30,
                    "snapshot_id": "",
                    "type": "network-hdd"
                  }
                ],
                "mode": "READ_WRITE"
              }
            ],
            "created_at": "2023-11-13T12:52:27Z",
            "description": "",
            "filesystem": [],
            "folder_id": "b1gchsq9rppdno9li997",
            "fqdn": "fhmukin2re3ibr37bjgl.auto.internal",
            "gpu_cluster_id": "",
            "hostname": "",
            "id": "fhmukin2re3ibr37bjgl",
            "labels": {},
            "local_disk": [],
            "metadata": {
              "docker-compose": "version: '3.7'\nservices:\n  catgpt:\n    container_name: catgpt\n    image: \"cr.yandex/crppkqrd3c8plhniuvbq/catgpt:v1.0.0\"\n    restart: always\n    network_mode: \"host\"\n",
              "ssh-keys": "ubuntu:ssh-rsa AAAAB3NzaC1yc2EAAAADAQABAAABAQDSI82eUwtOKFexi8c9Zlz7JtVxAr65QmZ7fMXdLZJR4xbGIXnfbEQrm946t5waKpmuUaNhlVzleFYThrVAulmRm9mdAHPavWDIrRuN5Z0BhHZb3gi8TDe5Gj1GAFvO24VG++TP6/hT1qIDtuiJt9azHShdEI0TW6wLkSHriel5sjSKJlRQ4+FpCFHbpXI2o5NapjXiz22tcBvqGcXE07Y+J85TFJbty910/Tb9dBvsExckfs9N9RlmAYOvQPB58lFyOmBO/M1HJokJv1drje1nShtzeCr/8t1ha39Kevf6mp6o+nr0kNEtRSLC1canSQFW5wIbFroUA5Jsp+bkszoZ arslan's macbook pro\n"
            },
            "metadata_options": [
              {
                "aws_v1_http_endpoint": 1,
                "aws_v1_http_token": 2,
                "gce_http_endpoint": 1,
                "gce_http_token": 1
              }
            ],
            "name": "",
            "network_acceleration_type": "standard",
            "network_interface": [
              {
                "dns_record": [],
                "index": 0,
                "ip_address": "10.5.0.13",
                "ipv4": true,
                "ipv6": false,
                "ipv6_address": "",
                "ipv6_dns_record": [],
                "mac_address": "d0:0d:1e:a4:ae:2d",
                "nat": true,
                "nat_dns_record": [],
                "nat_ip_address": "158.160.114.187",
                "nat_ip_version": "IPV4",
                "security_group_ids": [],
                "subnet_id": "e9brhh1npnm0d27q22k4"
              }
            ],
            "placement_policy": [
              {
                "host_affinity_rules": [],
                "placement_group_id": ""
              }
            ],
            "platform_id": "standard-v2",
            "resources": [
              {
                "core_fraction": 5,
                "cores": 2,
                "gpus": 0,
                "memory": 1
              }
            ],
            "scheduling_policy": [
              {
                "preemptible": true
              }
            ],
            "secondary_disk": [],
            "service_account_id": "ajeb1u3v5ornppgltq5f",
            "status": "running",
            "timeouts": null,
            "zone": "ru-central1-a"
          },
          "sensitive_attributes": [],
          "private": "eyJlMmJmYjczMC1lY2FhLTExZTYtOGY4OC0zNDM2M2JjN2M0YzAiOnsiY3JlYXRlIjozMDAwMDAwMDAwMDAsImRlbGV0ZSI6MzAwMDAwMDAwMDAwLCJ1cGRhdGUiOjMwMDAwMDAwMDAwMH0sInNjaGVtYV92ZXJzaW9uIjoiMSJ9",
          "dependencies": [
            "data.yandex_compute_image.coi",
            "yandex_iam_service_account.service-accounts",
            "yandex_vpc_network.foo",
            "yandex_vpc_subnet.foo"
          ]
        }
      ]
    },
    {
      "mode": "managed",
      "type": "yandex_compute_instance",
      "name": "catgpt-2",
      "provider": "provider[\"registry.terraform.io/yandex-cloud/yandex\"]",
      "instances": [
        {
          "schema_version": 1,
          "attributes": {
            "allow_recreate": null,
            "allow_stopping_for_update": null,
            "boot_disk": [
              {
                "auto_delete": true,
                "device_name": "fhmpailvbk8bs4u1croo",
                "disk_id": "fhmpailvbk8bs4u1croo",
                "initialize_params": [
                  {
                    "block_size": 4096,
                    "description": "",
                    "image_id": "fd80o2eikcn22b229tsa",
                    "name": "",
                    "size": 30,
                    "snapshot_id": "",
                    "type": "network-hdd"
                  }
                ],
                "mode": "READ_WRITE"
              }
            ],
            "created_at": "2023-11-13T12:52:27Z",
            "description": "",
            "filesystem": [],
            "folder_id": "b1gchsq9rppdno9li997",
            "fqdn": "fhm0dn67qcnbdu1mb0g6.auto.internal",
            "gpu_cluster_id": "",
            "hostname": "",
            "id": "fhm0dn67qcnbdu1mb0g6",
            "labels": {},
            "local_disk": [],
            "metadata": {
              "docker-compose": "version: '3.7'\nservices:\n  catgpt:\n    container_name: catgpt\n    image: \"cr.yandex/crppkqrd3c8plhniuvbq/catgpt:v1.0.0\"\n    restart: always\n    network_mode: \"host\"\n",
              "ssh-keys": "ubuntu:ssh-rsa AAAAB3NzaC1yc2EAAAADAQABAAABAQDSI82eUwtOKFexi8c9Zlz7JtVxAr65QmZ7fMXdLZJR4xbGIXnfbEQrm946t5waKpmuUaNhlVzleFYThrVAulmRm9mdAHPavWDIrRuN5Z0BhHZb3gi8TDe5Gj1GAFvO24VG++TP6/hT1qIDtuiJt9azHShdEI0TW6wLkSHriel5sjSKJlRQ4+FpCFHbpXI2o5NapjXiz22tcBvqGcXE07Y+J85TFJbty910/Tb9dBvsExckfs9N9RlmAYOvQPB58lFyOmBO/M1HJokJv1drje1nShtzeCr/8t1ha39Kevf6mp6o+nr0kNEtRSLC1canSQFW5wIbFroUA5Jsp+bkszoZ arslan's macbook pro\n"
            },
            "metadata_options": [
              {
                "aws_v1_http_endpoint": 1,
                "aws_v1_http_token": 2,
                "gce_http_endpoint": 1,
                "gce_http_token": 1
              }
            ],
            "name": "",
            "network_acceleration_type": "standard",
            "network_interface": [
              {
                "dns_record": [],
                "index": 0,
                "ip_address": "10.5.0.8",
                "ipv4": true,
                "ipv6": false,
                "ipv6_address": "",
                "ipv6_dns_record": [],
                "mac_address": "d0:0d:6d:cc:7d:32",
                "nat": true,
                "nat_dns_record": [],
                "nat_ip_address": "158.160.52.110",
                "nat_ip_version": "IPV4",
                "security_group_ids": [],
                "subnet_id": "e9brhh1npnm0d27q22k4"
              }
            ],
            "placement_policy": [
              {
                "host_affinity_rules": [],
                "placement_group_id": ""
              }
            ],
            "platform_id": "standard-v2",
            "resources": [
              {
                "core_fraction": 5,
                "cores": 2,
                "gpus": 0,
                "memory": 1
              }
            ],
            "scheduling_policy": [
              {
                "preemptible": true
              }
            ],
            "secondary_disk": [],
            "service_account_id": "ajeb1u3v5ornppgltq5f",
            "status": "running",
            "timeouts": null,
            "zone": "ru-central1-a"
          },
          "sensitive_attributes": [],
          "private": "eyJlMmJmYjczMC1lY2FhLTExZTYtOGY4OC0zNDM2M2JjN2M0YzAiOnsiY3JlYXRlIjozMDAwMDAwMDAwMDAsImRlbGV0ZSI6MzAwMDAwMDAwMDAwLCJ1cGRhdGUiOjMwMDAwMDAwMDAwMH0sInNjaGVtYV92ZXJzaW9uIjoiMSJ9",
          "dependencies": [
            "data.yandex_compute_image.coi",
            "yandex_iam_service_account.service-accounts",
            "yandex_vpc_network.foo",
            "yandex_vpc_subnet.foo"
          ]
        }
      ]
    },
    {
      "mode": "managed",
      "type": "yandex_container_registry",
      "name": "arsinux",
      "provider": "provider[\"registry.terraform.io/yandex-cloud/yandex\"]",
      "instances": [
        {
          "schema_version": 0,
          "attributes": {
            "created_at": "2023-11-13T12:52:23Z",
            "folder_id": "b1gchsq9rppdno9li997",
            "id": "crp3f8c64dc3o08rc04a",
            "labels": {},
            "name": "arsinux",
            "status": "active",
            "timeouts": null
          },
          "sensitive_attributes": [],
          "private": "eyJlMmJmYjczMC1lY2FhLTExZTYtOGY4OC0zNDM2M2JjN2M0YzAiOnsiY3JlYXRlIjo5MDAwMDAwMDAwMDAsImRlbGV0ZSI6OTAwMDAwMDAwMDAwLCJ1cGRhdGUiOjkwMDAwMDAwMDAwMH19"
        }
      ]
    },
    {
      "mode": "managed",
      "type": "yandex_iam_service_account",
      "name": "service-accounts",
      "provider": "provider[\"registry.terraform.io/yandex-cloud/yandex\"]",
      "instances": [
        {
          "index_key": "catgpt-saa",
          "schema_version": 0,
          "attributes": {
            "created_at": "2023-11-13T12:52:24Z",
            "description": "",
            "folder_id": "b1gchsq9rppdno9li997",
            "id": "ajeb1u3v5ornppgltq5f",
            "name": "b1gchsq9rppdno9li997-catgpt-saa",
            "timeouts": null
          },
          "sensitive_attributes": [],
          "private": "eyJlMmJmYjczMC1lY2FhLTExZTYtOGY4OC0zNDM2M2JjN2M0YzAiOnsiY3JlYXRlIjo2MDAwMDAwMDAwMCwiZGVsZXRlIjo2MDAwMDAwMDAwMCwidXBkYXRlIjo2MDAwMDAwMDAwMH19"
        }
      ]
    },
    {
      "mode": "managed",
      "type": "yandex_lb_network_load_balancer",
      "name": "my_lb",
      "provider": "provider[\"registry.terraform.io/yandex-cloud/yandex\"]",
      "instances": [
        {
          "schema_version": 0,
          "attributes": {
            "attached_target_group": [
              {
                "healthcheck": [
                  {
                    "healthy_threshold": 2,
                    "http_options": [],
                    "interval": 2,
                    "name": "tcp-check",
                    "tcp_options": [
                      {
                        "port": 8080
                      }
                    ],
                    "timeout": 1,
                    "unhealthy_threshold": 2
                  }
                ],
                "target_group_id": "enpi4n030a13fvi5i6cu"
              }
            ],
            "created_at": "2023-11-13T12:56:17Z",
            "deletion_protection": false,
            "description": "",
            "folder_id": "b1gchsq9rppdno9li997",
            "id": "enpehtqs9aljhtq5289r",
            "labels": null,
            "listener": [
              {
                "external_address_spec": [],
                "internal_address_spec": [],
                "name": "app",
                "port": 8080,
                "protocol": "tcp",
                "target_port": 8080
              },
              {
                "external_address_spec": [],
                "internal_address_spec": [],
                "name": "metrics",
                "port": 9090,
                "protocol": "tcp",
                "target_port": 9090
              }
            ],
            "name": "my-load-balancer",
            "region_id": "ru-central1",
            "timeouts": null,
            "type": "external"
          },
          "sensitive_attributes": [],
          "private": "eyJlMmJmYjczMC1lY2FhLTExZTYtOGY4OC0zNDM2M2JjN2M0YzAiOnsiY3JlYXRlIjozMDAwMDAwMDAwMDAsImRlbGV0ZSI6MzAwMDAwMDAwMDAwLCJ1cGRhdGUiOjMwMDAwMDAwMDAwMH19",
          "dependencies": [
            "yandex_compute_instance.catgpt-1",
            "yandex_compute_instance.catgpt-2",
            "yandex_lb_target_group.my_tg",
            "yandex_vpc_subnet.foo"
          ]
        }
      ]
    },
    {
      "mode": "managed",
      "type": "yandex_lb_target_group",
      "name": "my_tg",
      "provider": "provider[\"registry.terraform.io/yandex-cloud/yandex\"]",
      "instances": [
        {
          "schema_version": 0,
          "attributes": {
            "created_at": "2023-11-13T12:56:14Z",
            "description": "",
            "folder_id": "b1gchsq9rppdno9li997",
            "id": "enpi4n030a13fvi5i6cu",
            "labels": null,
            "name": "my-target-group",
            "region_id": "ru-central1",
            "target": [
              {
                "address": "10.5.0.13",
                "subnet_id": "e9brhh1npnm0d27q22k4"
              },
              {
                "address": "10.5.0.8",
                "subnet_id": "e9brhh1npnm0d27q22k4"
              }
            ],
            "timeouts": null
          },
          "sensitive_attributes": [],
          "private": "eyJlMmJmYjczMC1lY2FhLTExZTYtOGY4OC0zNDM2M2JjN2M0YzAiOnsiY3JlYXRlIjozMDAwMDAwMDAwMDAsImRlbGV0ZSI6MzAwMDAwMDAwMDAwLCJ1cGRhdGUiOjMwMDAwMDAwMDAwMH19",
          "dependencies": [
            "yandex_compute_instance.catgpt-1",
            "yandex_compute_instance.catgpt-2",
            "yandex_vpc_subnet.foo"
          ]
        }
      ]
    },
    {
      "mode": "managed",
      "type": "yandex_resourcemanager_folder_iam_member",
      "name": "catgpt-roles",
      "provider": "provider[\"registry.terraform.io/yandex-cloud/yandex\"]",
      "instances": [
        {
          "index_key": "container-registry.images.puller",
          "schema_version": 0,
          "attributes": {
            "folder_id": "b1gchsq9rppdno9li997",
            "id": "b1gchsq9rppdno9li997/container-registry.images.puller/serviceAccount:ajeb1u3v5ornppgltq5f",
            "member": "serviceAccount:ajeb1u3v5ornppgltq5f",
            "role": "container-registry.images.puller",
            "sleep_after": null,
            "timeouts": null
          },
          "sensitive_attributes": [],
          "private": "eyJlMmJmYjczMC1lY2FhLTExZTYtOGY4OC0zNDM2M2JjN2M0YzAiOnsiY3JlYXRlIjo2MDAwMDAwMDAwMCwiZGVmYXVsdCI6NjAwMDAwMDAwMDAsImRlbGV0ZSI6NjAwMDAwMDAwMDAsInJlYWQiOjYwMDAwMDAwMDAwLCJ1cGRhdGUiOjYwMDAwMDAwMDAwfX0=",
          "dependencies": [
            "yandex_iam_service_account.service-accounts"
          ]
        },
        {
          "index_key": "monitoring.editor",
          "schema_version": 0,
          "attributes": {
            "folder_id": "b1gchsq9rppdno9li997",
            "id": "b1gchsq9rppdno9li997/monitoring.editor/serviceAccount:ajeb1u3v5ornppgltq5f",
            "member": "serviceAccount:ajeb1u3v5ornppgltq5f",
            "role": "monitoring.editor",
            "sleep_after": null,
            "timeouts": null
          },
          "sensitive_attributes": [],
          "private": "eyJlMmJmYjczMC1lY2FhLTExZTYtOGY4OC0zNDM2M2JjN2M0YzAiOnsiY3JlYXRlIjo2MDAwMDAwMDAwMCwiZGVmYXVsdCI6NjAwMDAwMDAwMDAsImRlbGV0ZSI6NjAwMDAwMDAwMDAsInJlYWQiOjYwMDAwMDAwMDAwLCJ1cGRhdGUiOjYwMDAwMDAwMDAwfX0=",
          "dependencies": [
            "yandex_iam_service_account.service-accounts"
          ]
        }
      ]
    },
    {
      "mode": "managed",
      "type": "yandex_vpc_network",
      "name": "foo",
      "provider": "provider[\"registry.terraform.io/yandex-cloud/yandex\"]",
      "instances": [
        {
          "schema_version": 0,
          "attributes": {
            "created_at": "2023-11-13T12:52:24Z",
            "default_security_group_id": "enpe46ginpbkhq455c2b",
            "description": "",
            "folder_id": "b1gchsq9rppdno9li997",
            "id": "enp13us9d19ll5gt8aph",
            "labels": {},
            "name": "",
            "subnet_ids": [
              "e9brhh1npnm0d27q22k4"
            ],
            "timeouts": null
          },
          "sensitive_attributes": [],
          "private": "eyJlMmJmYjczMC1lY2FhLTExZTYtOGY4OC0zNDM2M2JjN2M0YzAiOnsiY3JlYXRlIjo2MDAwMDAwMDAwMCwiZGVsZXRlIjo2MDAwMDAwMDAwMCwidXBkYXRlIjo2MDAwMDAwMDAwMH19"
        }
      ]
    },
    {
      "mode": "managed",
      "type": "yandex_vpc_subnet",
      "name": "foo",
      "provider": "provider[\"registry.terraform.io/yandex-cloud/yandex\"]",
      "instances": [
        {
          "schema_version": 0,
          "attributes": {
            "created_at": "2023-11-13T12:52:26Z",
            "description": "",
            "dhcp_options": [],
            "folder_id": "b1gchsq9rppdno9li997",
            "id": "e9brhh1npnm0d27q22k4",
            "labels": {},
            "name": "",
            "network_id": "enp13us9d19ll5gt8aph",
            "route_table_id": "",
            "timeouts": null,
            "v4_cidr_blocks": [
              "10.5.0.0/24"
            ],
            "v6_cidr_blocks": [],
            "zone": "ru-central1-a"
          },
          "sensitive_attributes": [],
          "private": "eyJlMmJmYjczMC1lY2FhLTExZTYtOGY4OC0zNDM2M2JjN2M0YzAiOnsiY3JlYXRlIjoxODAwMDAwMDAwMDAsImRlbGV0ZSI6MTgwMDAwMDAwMDAwLCJ1cGRhdGUiOjE4MDAwMDAwMDAwMH19",
          "dependencies": [
            "yandex_vpc_network.foo"
          ]
        }
      ]
    }
  ],
  "check_results": null
}
